
Microsoft Visual Studio Solution File, Format Version 12.00
# Visual Studio Version 17
VisualStudioVersion = 17.8.34322.80
MinimumVisualStudioVersion = 10.0.40219.1
Project("{2150E333-8FDC-42A3-9474-1A3956D46DE8}") = "Services", "Services", "{7ACE13B5-2526-4F6A-8EE2-E6FA843D51BA}"
EndProject
Project("{2150E333-8FDC-42A3-9474-1A3956D46DE8}") = "Catalog", "Catalog", "{D08A2527-4533-43CE-9D75-5B6DE844A4BA}"
EndProject
Project("{9A19103F-16F7-4668-BE54-9A1E7A4F7556}") = "Catalog.API", "Services\Catalog\Catalog.API\Catalog.API.csproj", "{F6FE837C-D51F-4286-9C54-CE5DED814B81}"
EndProject
Project("{2150E333-8FDC-42A3-9474-1A3956D46DE8}") = "Common", "Common", "{30F7B17F-8130-45AD-A01B-C8B5D11CBCE8}"
EndProject
Project("{9A19103F-16F7-4668-BE54-9A1E7A4F7556}") = "Common", "Common\Common\Common.csproj", "{91F0F4C6-DDE7-4886-977C-C59AD9204441}"
EndProject
Project("{E53339B2-1760-4266-BCC7-CA923CBCF16C}") = "docker-compose", "docker-compose.dcproj", "{29AAE5D1-48D9-4D74-86D4-1140D6B50A72}"
EndProject
Global
	GlobalSection(SolutionConfigurationPlatforms) = preSolution
		Debug|Any CPU = Debug|Any CPU
		Release|Any CPU = Release|Any CPU
	EndGlobalSection
	GlobalSection(ProjectConfigurationPlatforms) = postSolution
		{F6FE837C-D51F-4286-9C54-CE5DED814B81}.Debug|Any CPU.ActiveCfg = Debug|Any CPU
		{F6FE837C-D51F-4286-9C54-CE5DED814B81}.Debug|Any CPU.Build.0 = Debug|Any CPU
		{F6FE837C-D51F-4286-9C54-CE5DED814B81}.Release|Any CPU.ActiveCfg = Release|Any CPU
		{F6FE837C-D51F-4286-9C54-CE5DED814B81}.Release|Any CPU.Build.0 = Release|Any CPU
		{91F0F4C6-DDE7-4886-977C-C59AD9204441}.Debug|Any CPU.ActiveCfg = Debug|Any CPU
		{91F0F4C6-DDE7-4886-977C-C59AD9204441}.Debug|Any CPU.Build.0 = Debug|Any CPU
		{91F0F4C6-DDE7-4886-977C-C59AD9204441}.Release|Any CPU.ActiveCfg = Release|Any CPU
		{91F0F4C6-DDE7-4886-977C-C59AD9204441}.Release|Any CPU.Build.0 = Release|Any CPU
		{29AAE5D1-48D9-4D74-86D4-1140D6B50A72}.Debug|Any CPU.ActiveCfg = Debug|Any CPU
		{29AAE5D1-48D9-4D74-86D4-1140D6B50A72}.Debug|Any CPU.Build.0 = Debug|Any CPU
		{29AAE5D1-48D9-4D74-86D4-1140D6B50A72}.Release|Any CPU.ActiveCfg = Release|Any CPU
		{29AAE5D1-48D9-4D74-86D4-1140D6B50A72}.Release|Any CPU.Build.0 = Release|Any CPU
	EndGlobalSection
	GlobalSection(SolutionProperties) = preSolution
		HideSolutionNode = FALSE
	EndGlobalSection
	GlobalSection(NestedProjects) = preSolution
		{D08A2527-4533-43CE-9D75-5B6DE844A4BA} = {7ACE13B5-2526-4F6A-8EE2-E6FA843D51BA}
		{F6FE837C-D51F-4286-9C54-CE5DED814B81} = {D08A2527-4533-43CE-9D75-5B6DE844A4BA}
		{91F0F4C6-DDE7-4886-977C-C59AD9204441} = {30F7B17F-8130-45AD-A01B-C8B5D11CBCE8}
	EndGlobalSection
	GlobalSection(ExtensibilityGlobals) = postSolution
		SolutionGuid = {D3CF9AE3-CD05-44B0-B13C-4C6EF49A8E2F}
	EndGlobalSection
EndGlobal
